
Microsoft Visual Studio Solution File, Format Version 12.00
# Visual Studio Version 16
VisualStudioVersion = 16.0.33529.622
MinimumVisualStudioVersion = 10.0.40219.1
Project("{FAE04EC0-301F-11D3-BF4B-00C04F79EFBC}") = "SalesWebMvc", "SalesWebMvc\SalesWebMvc.csproj", "{50CD2A99-DA4A-4DCB-A3EE-5105077C44F1}"
EndProject
Global
	GlobalSection(SolutionConfigurationPlatforms) = preSolution
		Debug|Any CPU = Debug|Any CPU
		Release|Any CPU = Release|Any CPU
	EndGlobalSection
	GlobalSection(ProjectConfigurationPlatforms) = postSolution
		{50CD2A99-DA4A-4DCB-A3EE-5105077C44F1}.Debug|Any CPU.ActiveCfg = Debug|Any CPU
		{50CD2A99-DA4A-4DCB-A3EE-5105077C44F1}.Debug|Any CPU.Build.0 = Debug|Any CPU
		{50CD2A99-DA4A-4DCB-A3EE-5105077C44F1}.Release|Any CPU.ActiveCfg = Release|Any CPU
		{50CD2A99-DA4A-4DCB-A3EE-5105077C44F1}.Release|Any CPU.Build.0 = Release|Any CPU
	EndGlobalSection
	GlobalSection(SolutionProperties) = preSolution
		HideSolutionNode = FALSE
	EndGlobalSection
	GlobalSection(ExtensibilityGlobals) = postSolution
		SolutionGuid = {F7F5D364-0426-41A5-8E49-7B51CE954B02}
	EndGlobalSection
EndGlobal
